
Microsoft Visual Studio Solution File, Format Version 12.00
# Visual Studio Version 16
VisualStudioVersion = 16.0.28922.388
MinimumVisualStudioVersion = 10.0.40219.1
Project("{FAE04EC0-301F-11D3-BF4B-00C04F79EFBC}") = "CircumfrenceVaughn", "CircumfrenceVaughn\CircumfrenceVaughn.csproj", "{306F7CDF-B5C4-4853-B8ED-0C6E989A63E7}"
EndProject
Global
	GlobalSection(SolutionConfigurationPlatforms) = preSolution
		Debug|Any CPU = Debug|Any CPU
		Release|Any CPU = Release|Any CPU
	EndGlobalSection
	GlobalSection(ProjectConfigurationPlatforms) = postSolution
		{306F7CDF-B5C4-4853-B8ED-0C6E989A63E7}.Debug|Any CPU.ActiveCfg = Debug|Any CPU
		{306F7CDF-B5C4-4853-B8ED-0C6E989A63E7}.Debug|Any CPU.Build.0 = Debug|Any CPU
		{306F7CDF-B5C4-4853-B8ED-0C6E989A63E7}.Release|Any CPU.ActiveCfg = Release|Any CPU
		{306F7CDF-B5C4-4853-B8ED-0C6E989A63E7}.Release|Any CPU.Build.0 = Release|Any CPU
	EndGlobalSection
	GlobalSection(SolutionProperties) = preSolution
		HideSolutionNode = FALSE
	EndGlobalSection
	GlobalSection(ExtensibilityGlobals) = postSolution
		SolutionGuid = {3A48998D-B261-4571-B6F7-D43B26376583}
	EndGlobalSection
EndGlobal
